{
  "name": "e2e",
  "version": "1.0.0",
  "lockfileVersion": 2,
  "requires": true,
  "packages": {
    "": {
      "name": "e2e",
      "version": "1.0.0",
      "license": "ISC",
      "devDependencies": {
        "@playwright/test": "1.26.1",
        "wait-on": "6.0.1"
      }
    },
    "node_modules/@hapi/hoek": {
      "version": "9.3.0",
      "resolved": "https://registry.npmjs.org/@hapi/hoek/-/hoek-9.3.0.tgz",
      "integrity": "sha512-/c6rf4UJlmHlC9b5BaNvzAcFv7HZ2QHaV0D4/HNlBdvFnvQq8RI4kYdhyPCl7Xj+oWvTWQ8ujhqS53LIgAe6KQ==",
      "dev": true
    },
    "node_modules/@hapi/topo": {
      "version": "5.1.0",
      "resolved": "https://registry.npmjs.org/@hapi/topo/-/topo-5.1.0.tgz",
      "integrity": "sha512-foQZKJig7Ob0BMAYBfcJk8d77QtOe7Wo4ox7ff1lQYoNNAb6jwcY1ncdoy2e9wQZzvNy7ODZCYJkK8kzmcAnAg==",
      "dev": true,
      "dependencies": {
        "@hapi/hoek": "^9.0.0"
      }
    },
    "node_modules/@playwright/test": {
      "version": "1.26.1",
      "resolved": "https://registry.npmjs.org/@playwright/test/-/test-1.26.1.tgz",
      "integrity": "sha512-bNxyZASVt2adSZ9gbD7NCydzcb5JaI0OR9hc7s+nmPeH604gwp0zp17NNpwXY4c8nvuBGQQ9oGDx72LE+cUWvw==",
      "dev": true,
      "dependencies": {
        "@types/node": "*",
        "playwright-core": "1.26.1"
      },
      "bin": {
        "playwright": "cli.js"
      },
      "engines": {
        "node": ">=14"
      }
    },
    "node_modules/@sideway/address": {
      "version": "4.1.4",
      "resolved": "https://registry.npmjs.org/@sideway/address/-/address-4.1.4.tgz",
      "integrity": "sha512-7vwq+rOHVWjyXxVlR76Agnvhy8I9rpzjosTESvmhNeXOXdZZB15Fl+TI9x1SiHZH5Jv2wTGduSxFDIaq0m3DUw==",
      "dev": true,
      "dependencies": {
        "@hapi/hoek": "^9.0.0"
      }
    },
    "node_modules/@sideway/formula": {
      "version": "3.0.0",
      "resolved": "https://registry.npmjs.org/@sideway/formula/-/formula-3.0.0.tgz",
      "integrity": "sha512-vHe7wZ4NOXVfkoRb8T5otiENVlT7a3IAiw7H5M2+GO+9CDgcVUUsX1zalAztCmwyOr2RUTGJdgB+ZvSVqmdHmg==",
      "dev": true
    },
    "node_modules/@sideway/pinpoint": {
      "version": "2.0.0",
      "resolved": "https://registry.npmjs.org/@sideway/pinpoint/-/pinpoint-2.0.0.tgz",
      "integrity": "sha512-RNiOoTPkptFtSVzQevY/yWtZwf/RxyVnPy/OcA9HBM3MlGDnBEYL5B41H0MTn0Uec8Hi+2qUtTfG2WWZBmMejQ==",
      "dev": true
    },
    "node_modules/@types/node": {
      "version": "18.8.2",
      "resolved": "https://registry.npmjs.org/@types/node/-/node-18.8.2.tgz",
      "integrity": "sha512-cRMwIgdDN43GO4xMWAfJAecYn8wV4JbsOGHNfNUIDiuYkUYAR5ec4Rj7IO2SAhFPEfpPtLtUTbbny/TCT7aDwA==",
      "dev": true
    },
    "node_modules/axios": {
      "version": "0.25.0",
      "resolved": "https://registry.npmjs.org/axios/-/axios-0.25.0.tgz",
      "integrity": "sha512-cD8FOb0tRH3uuEe6+evtAbgJtfxr7ly3fQjYcMcuPlgkwVS9xboaVIpcDV+cYQe+yGykgwZCs1pzjntcGa6l5g==",
      "dev": true,
      "dependencies": {
        "follow-redirects": "^1.14.7"
      }
    },
    "node_modules/follow-redirects": {
      "version": "1.15.2",
      "resolved": "https://registry.npmjs.org/follow-redirects/-/follow-redirects-1.15.2.tgz",
      "integrity": "sha512-VQLG33o04KaQ8uYi2tVNbdrWp1QWxNNea+nmIB4EVM28v0hmP17z7aG1+wAkNzVq4KeXTq3221ye5qTJP91JwA==",
      "dev": true,
      "funding": [
        {
          "type": "individual",
          "url": "https://github.com/sponsors/RubenVerborgh"
        }
      ],
      "engines": {
        "node": ">=4.0"
      },
      "peerDependenciesMeta": {
        "debug": {
          "optional": true
        }
      }
    },
    "node_modules/joi": {
      "version": "17.6.2",
      "resolved": "https://registry.npmjs.org/joi/-/joi-17.6.2.tgz",
      "integrity": "sha512-+gqqdh1xc1wb+Lor0J9toqgeReyDOCqOdG8QSdRcEvwrcRiFQZneUCGKjFjuyBWUb3uaFOgY56yMaZ5FIc+H4w==",
      "dev": true,
      "dependencies": {
        "@hapi/hoek": "^9.0.0",
        "@hapi/topo": "^5.0.0",
        "@sideway/address": "^4.1.3",
        "@sideway/formula": "^3.0.0",
        "@sideway/pinpoint": "^2.0.0"
      }
    },
    "node_modules/lodash": {
      "version": "4.17.21",
      "resolved": "https://registry.npmjs.org/lodash/-/lodash-4.17.21.tgz",
      "integrity": "sha512-v2kDEe57lecTulaDIuNTPy3Ry4gLGJ6Z1O3vE1krgXZNrsQ+LFTGHVxVjcXPs17LhbZVGedAJv8XZ1tvj5FvSg==",
      "dev": true
    },
    "node_modules/minimist": {
      "version": "1.2.6",
      "resolved": "https://registry.npmjs.org/minimist/-/minimist-1.2.6.tgz",
      "integrity": "sha512-Jsjnk4bw3YJqYzbdyBiNsPWHPfO++UGG749Cxs6peCu5Xg4nrena6OVxOYxrQTqww0Jmwt+Ref8rggumkTLz9Q==",
      "dev": true
    },
    "node_modules/playwright-core": {
      "version": "1.26.1",
      "resolved": "https://registry.npmjs.org/playwright-core/-/playwright-core-1.26.1.tgz",
      "integrity": "sha512-hzFchhhxnEiPc4qVPs9q2ZR+5eKNifY2hQDHtg1HnTTUuphYCBP8ZRb2si+B1TR7BHirgXaPi48LIye5SgrLAA==",
      "dev": true,
      "bin": {
        "playwright": "cli.js"
      },
      "engines": {
        "node": ">=14"
      }
    },
    "node_modules/rxjs": {
      "version": "7.5.7",
      "resolved": "https://registry.npmjs.org/rxjs/-/rxjs-7.5.7.tgz",
      "integrity": "sha512-z9MzKh/UcOqB3i20H6rtrlaE/CgjLOvheWK/9ILrbhROGTweAi1BaFsTT9FbwZi5Trr1qNRs+MXkhmR06awzQA==",
      "dev": true,
      "dependencies": {
        "tslib": "^2.1.0"
      }
    },
    "node_modules/tslib": {
      "version": "2.4.0",
      "resolved": "https://registry.npmjs.org/tslib/-/tslib-2.4.0.tgz",
      "integrity": "sha512-d6xOpEDfsi2CZVlPQzGeux8XMwLT9hssAsaPYExaQMuYskwb+x1x7J371tWlbBdWHroy99KnVB6qIkUbs5X3UQ==",
      "dev": true
    },
    "node_modules/wait-on": {
      "version": "6.0.1",
      "resolved": "https://registry.npmjs.org/wait-on/-/wait-on-6.0.1.tgz",
      "integrity": "sha512-zht+KASY3usTY5u2LgaNqn/Cd8MukxLGjdcZxT2ns5QzDmTFc4XoWBgC+C/na+sMRZTuVygQoMYwdcVjHnYIVw==",
      "dev": true,
      "dependencies": {
        "axios": "^0.25.0",
        "joi": "^17.6.0",
        "lodash": "^4.17.21",
        "minimist": "^1.2.5",
        "rxjs": "^7.5.4"
      },
      "bin": {
        "wait-on": "bin/wait-on"
      },
      "engines": {
        "node": ">=10.0.0"
      }
    }
  },
  "dependencies": {
    "@hapi/hoek": {
      "version": "9.3.0",
      "resolved": "https://registry.npmjs.org/@hapi/hoek/-/hoek-9.3.0.tgz",
      "integrity": "sha512-/c6rf4UJlmHlC9b5BaNvzAcFv7HZ2QHaV0D4/HNlBdvFnvQq8RI4kYdhyPCl7Xj+oWvTWQ8ujhqS53LIgAe6KQ==",
      "dev": true
    },
    "@hapi/topo": {
      "version": "5.1.0",
      "resolved": "https://registry.npmjs.org/@hapi/topo/-/topo-5.1.0.tgz",
      "integrity": "sha512-foQZKJig7Ob0BMAYBfcJk8d77QtOe7Wo4ox7ff1lQYoNNAb6jwcY1ncdoy2e9wQZzvNy7ODZCYJkK8kzmcAnAg==",
      "dev": true,
      "requires": {
        "@hapi/hoek": "^9.0.0"
      }
    },
    "@playwright/test": {
      "version": "1.26.1",
      "resolved": "https://registry.npmjs.org/@playwright/test/-/test-1.26.1.tgz",
      "integrity": "sha512-bNxyZASVt2adSZ9gbD7NCydzcb5JaI0OR9hc7s+nmPeH604gwp0zp17NNpwXY4c8nvuBGQQ9oGDx72LE+cUWvw==",
      "dev": true,
      "requires": {
        "@types/node": "*",
        "playwright-core": "1.26.1"
      }
    },
    "@sideway/address": {
      "version": "4.1.4",
      "resolved": "https://registry.npmjs.org/@sideway/address/-/address-4.1.4.tgz",
      "integrity": "sha512-7vwq+rOHVWjyXxVlR76Agnvhy8I9rpzjosTESvmhNeXOXdZZB15Fl+TI9x1SiHZH5Jv2wTGduSxFDIaq0m3DUw==",
      "dev": true,
      "requires": {
        "@hapi/hoek": "^9.0.0"
      }
    },
    "@sideway/formula": {
      "version": "3.0.0",
      "resolved": "https://registry.npmjs.org/@sideway/formula/-/formula-3.0.0.tgz",
      "integrity": "sha512-vHe7wZ4NOXVfkoRb8T5otiENVlT7a3IAiw7H5M2+GO+9CDgcVUUsX1zalAztCmwyOr2RUTGJdgB+ZvSVqmdHmg==",
      "dev": true
    },
    "@sideway/pinpoint": {
      "version": "2.0.0",
      "resolved": "https://registry.npmjs.org/@sideway/pinpoint/-/pinpoint-2.0.0.tgz",
      "integrity": "sha512-RNiOoTPkptFtSVzQevY/yWtZwf/RxyVnPy/OcA9HBM3MlGDnBEYL5B41H0MTn0Uec8Hi+2qUtTfG2WWZBmMejQ==",
      "dev": true
    },
    "@types/node": {
      "version": "18.8.2",
      "resolved": "https://registry.npmjs.org/@types/node/-/node-18.8.2.tgz",
      "integrity": "sha512-cRMwIgdDN43GO4xMWAfJAecYn8wV4JbsOGHNfNUIDiuYkUYAR5ec4Rj7IO2SAhFPEfpPtLtUTbbny/TCT7aDwA==",
      "dev": true
    },
    "axios": {
      "version": "0.25.0",
      "resolved": "https://registry.npmjs.org/axios/-/axios-0.25.0.tgz",
      "integrity": "sha512-cD8FOb0tRH3uuEe6+evtAbgJtfxr7ly3fQjYcMcuPlgkwVS9xboaVIpcDV+cYQe+yGykgwZCs1pzjntcGa6l5g==",
      "dev": true,
      "requires": {
        "follow-redirects": "^1.14.7"
      }
    },
    "follow-redirects": {
      "version": "1.15.2",
      "resolved": "https://registry.npmjs.org/follow-redirects/-/follow-redirects-1.15.2.tgz",
      "integrity": "sha512-VQLG33o04KaQ8uYi2tVNbdrWp1QWxNNea+nmIB4EVM28v0hmP17z7aG1+wAkNzVq4KeXTq3221ye5qTJP91JwA==",
      "dev": true
    },
    "joi": {
      "version": "17.6.2",
      "resolved": "https://registry.npmjs.org/joi/-/joi-17.6.2.tgz",
      "integrity": "sha512-+gqqdh1xc1wb+Lor0J9toqgeReyDOCqOdG8QSdRcEvwrcRiFQZneUCGKjFjuyBWUb3uaFOgY56yMaZ5FIc+H4w==",
      "dev": true,
      "requires": {
        "@hapi/hoek": "^9.0.0",
        "@hapi/topo": "^5.0.0",
        "@sideway/address": "^4.1.3",
        "@sideway/formula": "^3.0.0",
        "@sideway/pinpoint": "^2.0.0"
      }
    },
    "lodash": {
      "version": "4.17.21",
      "resolved": "https://registry.npmjs.org/lodash/-/lodash-4.17.21.tgz",
      "integrity": "sha512-v2kDEe57lecTulaDIuNTPy3Ry4gLGJ6Z1O3vE1krgXZNrsQ+LFTGHVxVjcXPs17LhbZVGedAJv8XZ1tvj5FvSg==",
      "dev": true
    },
    "minimist": {
      "version": "1.2.6",
      "resolved": "https://registry.npmjs.org/minimist/-/minimist-1.2.6.tgz",
      "integrity": "sha512-Jsjnk4bw3YJqYzbdyBiNsPWHPfO++UGG749Cxs6peCu5Xg4nrena6OVxOYxrQTqww0Jmwt+Ref8rggumkTLz9Q==",
      "dev": true
    },
    "playwright-core": {
      "version": "1.26.1",
      "resolved": "https://registry.npmjs.org/playwright-core/-/playwright-core-1.26.1.tgz",
      "integrity": "sha512-hzFchhhxnEiPc4qVPs9q2ZR+5eKNifY2hQDHtg1HnTTUuphYCBP8ZRb2si+B1TR7BHirgXaPi48LIye5SgrLAA==",
      "dev": true
    },
    "rxjs": {
      "version": "7.5.7",
      "resolved": "https://registry.npmjs.org/rxjs/-/rxjs-7.5.7.tgz",
      "integrity": "sha512-z9MzKh/UcOqB3i20H6rtrlaE/CgjLOvheWK/9ILrbhROGTweAi1BaFsTT9FbwZi5Trr1qNRs+MXkhmR06awzQA==",
      "dev": true,
      "requires": {
        "tslib": "^2.1.0"
      }
    },
    "tslib": {
      "version": "2.4.0",
      "resolved": "https://registry.npmjs.org/tslib/-/tslib-2.4.0.tgz",
      "integrity": "sha512-d6xOpEDfsi2CZVlPQzGeux8XMwLT9hssAsaPYExaQMuYskwb+x1x7J371tWlbBdWHroy99KnVB6qIkUbs5X3UQ==",
      "dev": true
    },
    "wait-on": {
      "version": "6.0.1",
      "resolved": "https://registry.npmjs.org/wait-on/-/wait-on-6.0.1.tgz",
      "integrity": "sha512-zht+KASY3usTY5u2LgaNqn/Cd8MukxLGjdcZxT2ns5QzDmTFc4XoWBgC+C/na+sMRZTuVygQoMYwdcVjHnYIVw==",
      "dev": true,
      "requires": {
        "axios": "^0.25.0",
        "joi": "^17.6.0",
        "lodash": "^4.17.21",
        "minimist": "^1.2.5",
        "rxjs": "^7.5.4"
      }
    }
  }
}
